
Microsoft Visual Studio Solution File, Format Version 12.00
# Visual Studio Version 17
VisualStudioVersion = 17.2.32602.215
MinimumVisualStudioVersion = 10.0.40219.1
Project("{9A19103F-16F7-4668-BE54-9A1E7A4F7556}") = "IT_SCHOOL_DB_ADO_EXAMPLE_02", "IT_SCHOOL_DB_ADO_EXAMPLE_02\IT_SCHOOL_DB_ADO_EXAMPLE_02.csproj", "{BF4DB482-14C0-44B8-897A-BD60DBFF607B}"
EndProject
Project("{2150E333-8FDC-42A3-9474-1A3956D46DE8}") = "Элементы решения", "Элементы решения", "{15D7238A-EE8D-466A-A327-8EA6964A193E}"
	ProjectSection(SolutionItems) = preProject
		DataBase_Script.sql = DataBase_Script.sql
	EndProjectSection
EndProject
Global
	GlobalSection(SolutionConfigurationPlatforms) = preSolution
		Debug|Any CPU = Debug|Any CPU
		Release|Any CPU = Release|Any CPU
	EndGlobalSection
	GlobalSection(ProjectConfigurationPlatforms) = postSolution
		{BF4DB482-14C0-44B8-897A-BD60DBFF607B}.Debug|Any CPU.ActiveCfg = Debug|Any CPU
		{BF4DB482-14C0-44B8-897A-BD60DBFF607B}.Debug|Any CPU.Build.0 = Debug|Any CPU
		{BF4DB482-14C0-44B8-897A-BD60DBFF607B}.Release|Any CPU.ActiveCfg = Release|Any CPU
		{BF4DB482-14C0-44B8-897A-BD60DBFF607B}.Release|Any CPU.Build.0 = Release|Any CPU
	EndGlobalSection
	GlobalSection(SolutionProperties) = preSolution
		HideSolutionNode = FALSE
	EndGlobalSection
	GlobalSection(ExtensibilityGlobals) = postSolution
		SolutionGuid = {E13312CC-6306-4066-B5C9-F7B096465CC9}
	EndGlobalSection
EndGlobal
